
Microsoft Visual Studio Solution File, Format Version 12.00
# Visual Studio Version 16
VisualStudioVersion = 16.0.31410.357
MinimumVisualStudioVersion = 10.0.40219.1
Project("{9A19103F-16F7-4668-BE54-9A1E7A4F7556}") = "GENProfiles", "GENProfiles\GENProfiles.csproj", "{C35541EC-07BC-4369-A535-70C9B1C4199E}"
EndProject
Global
	GlobalSection(SolutionConfigurationPlatforms) = preSolution
		Debug|Any CPU = Debug|Any CPU
		Release|Any CPU = Release|Any CPU
	EndGlobalSection
	GlobalSection(ProjectConfigurationPlatforms) = postSolution
		{C35541EC-07BC-4369-A535-70C9B1C4199E}.Debug|Any CPU.ActiveCfg = Debug|Any CPU
		{C35541EC-07BC-4369-A535-70C9B1C4199E}.Debug|Any CPU.Build.0 = Debug|Any CPU
		{C35541EC-07BC-4369-A535-70C9B1C4199E}.Release|Any CPU.ActiveCfg = Release|Any CPU
		{C35541EC-07BC-4369-A535-70C9B1C4199E}.Release|Any CPU.Build.0 = Release|Any CPU
	EndGlobalSection
	GlobalSection(SolutionProperties) = preSolution
		HideSolutionNode = FALSE
	EndGlobalSection
	GlobalSection(ExtensibilityGlobals) = postSolution
		SolutionGuid = {CEA3F6F7-434D-4ED3-AEDB-DD6146AEF27D}
	EndGlobalSection
EndGlobal
